{
    "_readme": [
        "This file locks the dependencies of your project to a known state",
        "Run composer install to install dependencies",
        "This is a placeholder - run composer install to generate actual lock file"
    ],
    "content-hash": "placeholder",
    "packages": [],
    "packages-dev": [],
    "aliases": [],
    "minimum-stability": "stable",
    "stability-flags": [],
    "prefer-stable": true,
    "prefer-lowest": false,
    "platform": {
        "php": "^8.3"
    },
    "platform-dev": [],
    "plugin-api-version": "2.6.0"
}
